Microsoft Visual Studio Solution File, Format Version 12.00
# Visual Studio Version 17
VisualStudioVersion = 17.13.35731.43
MinimumVisualStudioVersion = 10.0.40219.1
Project("{FAE04EC0-301F-11D3-BF4B-00C04F79EFBC}") = "YargArchipelagoClient", "YargArchipelagoClient.csproj", "{8FDB9187-5D55-4AFC-B2D7-80B3EE4D8895}"
EndProject
Global
	GlobalSection(SolutionConfigurationPlatforms) = preSolution
		Debug|Any CPU = Debug|Any CPU
		Release|Any CPU = Release|Any CPU
	EndGlobalSection
	GlobalSection(ProjectConfigurationPlatforms) = postSolution
		{8FDB9187-5D55-4AFC-B2D7-80B3EE4D8895}.Debug|Any CPU.ActiveCfg = Debug|Any CPU
		{8FDB9187-5D55-4AFC-B2D7-80B3EE4D8895}.Debug|Any CPU.Build.0 = Debug|Any CPU
		{8FDB9187-5D55-4AFC-B2D7-80B3EE4D8895}.Release|Any CPU.ActiveCfg = Release|Any CPU
		{8FDB9187-5D55-4AFC-B2D7-80B3EE4D8895}.Release|Any CPU.Build.0 = Release|Any CPU
	EndGlobalSection
	GlobalSection(SolutionProperties) = preSolution
		HideSolutionNode = FALSE
	EndGlobalSection
	GlobalSection(ExtensibilityGlobals) = postSolution
		SolutionGuid = {B2EBBAFF-B7C7-4CF8-89DB-365C2D33BC1F}
	EndGlobalSection
EndGlobal
